# THIS IS AN AUTOGENERATED FILE. DO NOT EDIT THIS FILE DIRECTLY.
# yarn lockfile v1


amplitude@^6.0.0:
  version "6.0.0"
  resolved "https://registry.yarnpkg.com/amplitude/-/amplitude-6.0.0.tgz#4eb3bbe5a70047afdd7afdfe9dfebc6fe2430642"
  integrity sha512-h1QkNCgM4PQbJwrzfrpKbs4MtlOXDRB7mtI6yF3SaGadRIXmjOU6ei/JnHJd2UU4lLWnik1+LzAY3rmmDD+QRg==
  dependencies:
    axios "^0.26.0"

axios@^0.26.0:
  version "0.26.1"
  resolved "https://registry.yarnpkg.com/axios/-/axios-0.26.1.tgz#1ede41c51fcf51bbbd6fd43669caaa4f0495aaa9"
  integrity sha512-fPwcX4EvnSHuInCMItEhAGnaSEXRBjtzh9fOtsE6E1G6p7vl7edEeZe11QHf18+6+9gR5PbKV/sGKNaD8YaMeA==
  dependencies:
    follow-redirects "^1.14.8"

follow-redirects@^1.14.8:
  version "1.15.2"
  resolved "https://registry.yarnpkg.com/follow-redirects/-/follow-redirects-1.15.2.tgz#b460864144ba63f2681096f274c4e57026da2c13"
  integrity sha512-VQLG33o04KaQ8uYi2tVNbdrWp1QWxNNea+nmIB4EVM28v0hmP17z7aG1+wAkNzVq4KeXTq3221ye5qTJP91JwA==
